// !$*UTF8*$!
{
	archiveVersion = 1;
	classes = {
	};
	objectVersion = 46;
	objects = {

/* Begin PBXBuildFile section */
		3208415DEB7465DF12F2A9EE /* UserUtils.m in Sources */ = {isa = PBXBuildFile; fileRef = 32084E52B8AB17233CB58058 /* UserUtils.m */; };
		3208418C92E5314AF47B0981 /* GetFriendsFunction.m in Sources */ = {isa = PBXBuildFile; fileRef = 32084285331D63AE4CED53AD /* GetFriendsFunction.m */; };
		32084368787D716E2639247F /* GetLoggedInUserFunction.m in Sources */ = {isa = PBXBuildFile; fileRef = 320844A74E141432F6E16FE4 /* GetLoggedInUserFunction.m */; };
		320844BF5BE582023B3513BA /* UnfollowUserFunction.m in Sources */ = {isa = PBXBuildFile; fileRef = 32084DBA94507493E71C6417 /* UnfollowUserFunction.m */; };
		32084516213F52B83F151D06 /* LoginWithAccount.m in Sources */ = {isa = PBXBuildFile; fileRef = 32084C34ABA8ABB484C9E957 /* LoginWithAccount.m */; };
		320846E2628790EA7A45B974 /* RetweetStatusFunction.m in Sources */ = {isa = PBXBuildFile; fileRef = 3208481F1E3C74BFC8E5641D /* RetweetStatusFunction.m */; };
		320846E4056A9D3093A61CDC /* GetFollowersFunction.m in Sources */ = {isa = PBXBuildFile; fileRef = 32084FE16910811E2A7F3196 /* GetFollowersFunction.m */; };
		320848891D1DC65F89F889D4 /* MediaSourceProcessor.m in Sources */ = {isa = PBXBuildFile; fileRef = 320848D39A2E0BCDDB8F2A8A /* MediaSourceProcessor.m */; };
		32084A979A3C1FF4D3472AE2 /* GetUserTimelineFunction.m in Sources */ = {isa = PBXBuildFile; fileRef = 320840EAED7ED84523AA50BA /* GetUserTimelineFunction.m */; };
		32084B8C8D156226A305DBA1 /* StatusUtils.m in Sources */ = {isa = PBXBuildFile; fileRef = 3208445BBEEEFE301C581CC9 /* StatusUtils.m */; };
		32084D480A62443BFBAF59B0 /* GetHomeTimelineFunction.m in Sources */ = {isa = PBXBuildFile; fileRef = 32084C91E12E81F5F086F646 /* GetHomeTimelineFunction.m */; };
		32084DD1AAB456DA52ACD847 /* LogoutFunction.m in Sources */ = {isa = PBXBuildFile; fileRef = 32084023811B564066379C56 /* LogoutFunction.m */; };
		32084E385E9628C816F3B679 /* FollowUserFunction.m in Sources */ = {isa = PBXBuildFile; fileRef = 32084BEFA8F3B8E9CC914D50 /* FollowUserFunction.m */; };
		32084FA4994E3FE3C195A595 /* AIRTwitterUser.m in Sources */ = {isa = PBXBuildFile; fileRef = 3208400EC6D8C5E446AEFA9B /* AIRTwitterUser.m */; };
		32084FEC6DF5E508362367F2 /* AccountSelectionHelper.m in Sources */ = {isa = PBXBuildFile; fileRef = 3208431AD4464840D7B3B9CA /* AccountSelectionHelper.m */; };
		C30632BD1C0F617F00B79DBB /* GetLikesFunction.m in Sources */ = {isa = PBXBuildFile; fileRef = C30632B81C0F617F00B79DBB /* GetLikesFunction.m */; };
		C30632BE1C0F617F00B79DBB /* LikeStatusFunction.m in Sources */ = {isa = PBXBuildFile; fileRef = C30632BA1C0F617F00B79DBB /* LikeStatusFunction.m */; };
		C30632BF1C0F617F00B79DBB /* UndoLikeStatusFunction.m in Sources */ = {isa = PBXBuildFile; fileRef = C30632BC1C0F617F00B79DBB /* UndoLikeStatusFunction.m */; };
		C31AD2BD1B8E258D0042555C /* UpdateStatusFunction.m in Sources */ = {isa = PBXBuildFile; fileRef = C31AD2BC1B8E258D0042555C /* UpdateStatusFunction.m */; };
		C32F09171B7BEDA900BF4E4E /* ApplicationOpenURLFunction.m in Sources */ = {isa = PBXBuildFile; fileRef = C32F09161B7BEDA900BF4E4E /* ApplicationOpenURLFunction.m */; };
		C35331E21B7BCE8A003A7521 /* AIRTwitter.h in CopyFiles */ = {isa = PBXBuildFile; fileRef = C35331E11B7BCE8A003A7521 /* AIRTwitter.h */; };
		C35331E41B7BCE8A003A7521 /* AIRTwitter.m in Sources */ = {isa = PBXBuildFile; fileRef = C35331E31B7BCE8A003A7521 /* AIRTwitter.m */; };
		C353322D1B7BCF18003A7521 /* InitFunction.m in Sources */ = {isa = PBXBuildFile; fileRef = C353322B1B7BCF18003A7521 /* InitFunction.m */; };
		C35332301B7BCF4D003A7521 /* Accounts.framework in Frameworks */ = {isa = PBXBuildFile; fileRef = C353322F1B7BCF4D003A7521 /* Accounts.framework */; };
		C35332321B7BCF52003A7521 /* Social.framework in Frameworks */ = {isa = PBXBuildFile; fileRef = C35332311B7BCF52003A7521 /* Social.framework */; };
		C35332341B7BCF59003A7521 /* Twitter.framework in Frameworks */ = {isa = PBXBuildFile; fileRef = C35332331B7BCF59003A7521 /* Twitter.framework */; };
		C35332371B7BCFA0003A7521 /* LoginFunction.m in Sources */ = {isa = PBXBuildFile; fileRef = C35332361B7BCFA0003A7521 /* LoginFunction.m */; };
		C370A3011C09D924005B7546 /* GetUserFunction.m in Sources */ = {isa = PBXBuildFile; fileRef = C370A3001C09D924005B7546 /* GetUserFunction.m */; };
		C386548A1BB0A7B3000CA4F6 /* IsSystemAccountAvailableFunction.m in Sources */ = {isa = PBXBuildFile; fileRef = C38654891BB0A7B3000CA4F6 /* IsSystemAccountAvailableFunction.m */; };
		C38654911BB16AB8000CA4F6 /* DeleteStatusFunction.m in Sources */ = {isa = PBXBuildFile; fileRef = C38654901BB16AB8000CA4F6 /* DeleteStatusFunction.m */; };
		C38654941BB1759E000CA4F6 /* SendDirectMessageFunction.m in Sources */ = {isa = PBXBuildFile; fileRef = C38654931BB1759E000CA4F6 /* SendDirectMessageFunction.m */; };
		C38654971BB17647000CA4F6 /* DirectMessageUtils.m in Sources */ = {isa = PBXBuildFile; fileRef = C38654961BB17647000CA4F6 /* DirectMessageUtils.m */; };
		C386549A1BB1A684000CA4F6 /* GetDirectMessagesFunction.m in Sources */ = {isa = PBXBuildFile; fileRef = C38654991BB1A684000CA4F6 /* GetDirectMessagesFunction.m */; };
		C386549D1BB1A942000CA4F6 /* GetSentDirectMessagesFunction.m in Sources */ = {isa = PBXBuildFile; fileRef = C386549C1BB1A942000CA4F6 /* GetSentDirectMessagesFunction.m */; };
		C3CE90E11DF0BB1D001C73A5 /* NSDateFormatter+STTwitter.m in Sources */ = {isa = PBXBuildFile; fileRef = C3CE90C21DF0BB1D001C73A5 /* NSDateFormatter+STTwitter.m */; };
		C3CE90E21DF0BB1D001C73A5 /* NSError+STTwitter.m in Sources */ = {isa = PBXBuildFile; fileRef = C3CE90C41DF0BB1D001C73A5 /* NSError+STTwitter.m */; };
		C3CE90E31DF0BB1D001C73A5 /* NSString+STTwitter.m in Sources */ = {isa = PBXBuildFile; fileRef = C3CE90C61DF0BB1D001C73A5 /* NSString+STTwitter.m */; };
		C3CE90E41DF0BB1D001C73A5 /* STHTTPRequest+STTwitter.m in Sources */ = {isa = PBXBuildFile; fileRef = C3CE90C81DF0BB1D001C73A5 /* STHTTPRequest+STTwitter.m */; };
		C3CE90E51DF0BB1D001C73A5 /* STTwitterAPI.m in Sources */ = {isa = PBXBuildFile; fileRef = C3CE90CB1DF0BB1D001C73A5 /* STTwitterAPI.m */; };
		C3CE90E61DF0BB1D001C73A5 /* STTwitterAppOnly.m in Sources */ = {isa = PBXBuildFile; fileRef = C3CE90CD1DF0BB1D001C73A5 /* STTwitterAppOnly.m */; };
		C3CE90E71DF0BB1D001C73A5 /* STTwitterHTML.m in Sources */ = {isa = PBXBuildFile; fileRef = C3CE90CF1DF0BB1D001C73A5 /* STTwitterHTML.m */; };
		C3CE90E81DF0BB1D001C73A5 /* STTwitterOAuth.m in Sources */ = {isa = PBXBuildFile; fileRef = C3CE90D11DF0BB1D001C73A5 /* STTwitterOAuth.m */; };
		C3CE90E91DF0BB1D001C73A5 /* STTwitterOS.m in Sources */ = {isa = PBXBuildFile; fileRef = C3CE90D31DF0BB1D001C73A5 /* STTwitterOS.m */; };
		C3CE90EA1DF0BB1D001C73A5 /* STTwitterOSRequest.m in Sources */ = {isa = PBXBuildFile; fileRef = C3CE90D51DF0BB1D001C73A5 /* STTwitterOSRequest.m */; };
		C3CE90EB1DF0BB1D001C73A5 /* STTwitterStreamParser.m in Sources */ = {isa = PBXBuildFile; fileRef = C3CE90D91DF0BB1D001C73A5 /* STTwitterStreamParser.m */; };
		C3CE90EC1DF0BB1D001C73A5 /* BAVPlistNode.m in Sources */ = {isa = PBXBuildFile; fileRef = C3CE90DC1DF0BB1D001C73A5 /* BAVPlistNode.m */; };
		C3CE90ED1DF0BB1D001C73A5 /* JSONSyntaxHighlight.m in Sources */ = {isa = PBXBuildFile; fileRef = C3CE90DE1DF0BB1D001C73A5 /* JSONSyntaxHighlight.m */; };
		C3CE90EE1DF0BB1D001C73A5 /* STHTTPRequest.m in Sources */ = {isa = PBXBuildFile; fileRef = C3CE90E01DF0BB1D001C73A5 /* STHTTPRequest.m */; };
		C3CFD37E1C0F142C0050ADE3 /* GetAccessTokenFunction.m in Sources */ = {isa = PBXBuildFile; fileRef = C3CFD37D1C0F142C0050ADE3 /* GetAccessTokenFunction.m */; };
		C3CFD3811C0F57770050ADE3 /* GetAccessTokenSecretFunction.m in Sources */ = {isa = PBXBuildFile; fileRef = C3CFD3801C0F57770050ADE3 /* GetAccessTokenSecretFunction.m */; };
/* End PBXBuildFile section */

/* Begin PBXCopyFilesBuildPhase section */
		C35331DC1B7BCE8A003A7521 /* CopyFiles */ = {
			isa = PBXCopyFilesBuildPhase;
			buildActionMask = 2147483647;
			dstPath = "include/$(PRODUCT_NAME)";
			dstSubfolderSpec = 16;
			files = (
				C35331E21B7BCE8A003A7521 /* AIRTwitter.h in CopyFiles */,
			);
			runOnlyForDeploymentPostprocessing = 0;
		};
/* End PBXCopyFilesBuildPhase section */

/* Begin PBXFileReference section */
		3208400EC6D8C5E446AEFA9B /* AIRTwitterUser.m */ = {isa = PBXFileReference; fileEncoding = 4; lastKnownFileType = sourcecode.c.objc; path = AIRTwitterUser.m; sourceTree = "<group>"; };
		32084023811B564066379C56 /* LogoutFunction.m */ = {isa = PBXFileReference; fileEncoding = 4; lastKnownFileType = sourcecode.c.objc; path = LogoutFunction.m; sourceTree = "<group>"; };
		320840EAED7ED84523AA50BA /* GetUserTimelineFunction.m */ = {isa = PBXFileReference; fileEncoding = 4; lastKnownFileType = sourcecode.c.objc; path = GetUserTimelineFunction.m; sourceTree = "<group>"; };
		32084285331D63AE4CED53AD /* GetFriendsFunction.m */ = {isa = PBXFileReference; fileEncoding = 4; lastKnownFileType = sourcecode.c.objc; path = GetFriendsFunction.m; sourceTree = "<group>"; };
		3208431AD4464840D7B3B9CA /* AccountSelectionHelper.m */ = {isa = PBXFileReference; fileEncoding = 4; lastKnownFileType = sourcecode.c.objc; path = AccountSelectionHelper.m; sourceTree = "<group>"; };
		3208443DDA97599BA3040654 /* LogoutFunction.h */ = {isa = PBXFileReference; fileEncoding = 4; lastKnownFileType = sourcecode.c.h; path = LogoutFunction.h; sourceTree = "<group>"; };
		3208443DED1BB3CD6A7A8241 /* GetFollowersFunction.h */ = {isa = PBXFileReference; fileEncoding = 4; lastKnownFileType = sourcecode.c.h; path = GetFollowersFunction.h; sourceTree = "<group>"; };
		320844593AA41D34808E9CEA /* LoginWithAccount.h */ = {isa = PBXFileReference; fileEncoding = 4; lastKnownFileType = sourcecode.c.h; path = LoginWithAccount.h; sourceTree = "<group>"; };
		3208445BBEEEFE301C581CC9 /* StatusUtils.m */ = {isa = PBXFileReference; fileEncoding = 4; lastKnownFileType = sourcecode.c.objc; path = StatusUtils.m; sourceTree = "<group>"; };
		320844A74E141432F6E16FE4 /* GetLoggedInUserFunction.m */ = {isa = PBXFileReference; fileEncoding = 4; lastKnownFileType = sourcecode.c.objc; path = GetLoggedInUserFunction.m; sourceTree = "<group>"; };
		320845135A8AAE1ACF675D91 /* GetUserTimelineFunction.h */ = {isa = PBXFileReference; fileEncoding = 4; lastKnownFileType = sourcecode.c.h; path = GetUserTimelineFunction.h; sourceTree = "<group>"; };
		320846616B69AA77EF9746CD /* AccountSelectionHelper.h */ = {isa = PBXFileReference; fileEncoding = 4; lastKnownFileType = sourcecode.c.h; path = AccountSelectionHelper.h; sourceTree = "<group>"; };
		320846EB392348F3131BC04C /* GetLoggedInUserFunction.h */ = {isa = PBXFileReference; fileEncoding = 4; lastKnownFileType = sourcecode.c.h; path = GetLoggedInUserFunction.h; sourceTree = "<group>"; };
		3208481F1E3C74BFC8E5641D /* RetweetStatusFunction.m */ = {isa = PBXFileReference; fileEncoding = 4; lastKnownFileType = sourcecode.c.objc; path = RetweetStatusFunction.m; sourceTree = "<group>"; };
		320848D39A2E0BCDDB8F2A8A /* MediaSourceProcessor.m */ = {isa = PBXFileReference; fileEncoding = 4; lastKnownFileType = sourcecode.c.objc; path = MediaSourceProcessor.m; sourceTree = "<group>"; };
		320848F99648FC51C8DE3FD4 /* StatusUtils.h */ = {isa = PBXFileReference; fileEncoding = 4; lastKnownFileType = sourcecode.c.h; path = StatusUtils.h; sourceTree = "<group>"; };
		320849299B391083A05951B1 /* GetFriendsFunction.h */ = {isa = PBXFileReference; fileEncoding = 4; lastKnownFileType = sourcecode.c.h; path = GetFriendsFunction.h; sourceTree = "<group>"; };
		32084996F6822AD335452FFB /* UnfollowUserFunction.h */ = {isa = PBXFileReference; fileEncoding = 4; lastKnownFileType = sourcecode.c.h; path = UnfollowUserFunction.h; sourceTree = "<group>"; };
		320849D92223DDEECD1D16BA /* GetHomeTimelineFunction.h */ = {isa = PBXFileReference; fileEncoding = 4; lastKnownFileType = sourcecode.c.h; path = GetHomeTimelineFunction.h; sourceTree = "<group>"; };
		32084BB4D99D459AC8EB9B46 /* RetweetStatusFunction.h */ = {isa = PBXFileReference; fileEncoding = 4; lastKnownFileType = sourcecode.c.h; path = RetweetStatusFunction.h; sourceTree = "<group>"; };
		32084BEFA8F3B8E9CC914D50 /* FollowUserFunction.m */ = {isa = PBXFileReference; fileEncoding = 4; lastKnownFileType = sourcecode.c.objc; path = FollowUserFunction.m; sourceTree = "<group>"; };
		32084C07A5E61AEE174B9DF0 /* MediaSourceProcessor.h */ = {isa = PBXFileReference; fileEncoding = 4; lastKnownFileType = sourcecode.c.h; path = MediaSourceProcessor.h; sourceTree = "<group>"; };
		32084C34ABA8ABB484C9E957 /* LoginWithAccount.m */ = {isa = PBXFileReference; fileEncoding = 4; lastKnownFileType = sourcecode.c.objc; path = LoginWithAccount.m; sourceTree = "<group>"; };
		32084C486750053101F1EA27 /* UserUtils.h */ = {isa = PBXFileReference; fileEncoding = 4; lastKnownFileType = sourcecode.c.h; path = UserUtils.h; sourceTree = "<group>"; };
		32084C8DB768C6E0144683D7 /* FollowUserFunction.h */ = {isa = PBXFileReference; fileEncoding = 4; lastKnownFileType = sourcecode.c.h; path = FollowUserFunction.h; sourceTree = "<group>"; };
		32084C91E12E81F5F086F646 /* GetHomeTimelineFunction.m */ = {isa = PBXFileReference; fileEncoding = 4; lastKnownFileType = sourcecode.c.objc; path = GetHomeTimelineFunction.m; sourceTree = "<group>"; };
		32084CB994C6148869533F4C /* AIRTwitterUser.h */ = {isa = PBXFileReference; fileEncoding = 4; lastKnownFileType = sourcecode.c.h; path = AIRTwitterUser.h; sourceTree = "<group>"; };
		32084DBA94507493E71C6417 /* UnfollowUserFunction.m */ = {isa = PBXFileReference; fileEncoding = 4; lastKnownFileType = sourcecode.c.objc; path = UnfollowUserFunction.m; sourceTree = "<group>"; };
		32084E52B8AB17233CB58058 /* UserUtils.m */ = {isa = PBXFileReference; fileEncoding = 4; lastKnownFileType = sourcecode.c.objc; path = UserUtils.m; sourceTree = "<group>"; };
		32084FE16910811E2A7F3196 /* GetFollowersFunction.m */ = {isa = PBXFileReference; fileEncoding = 4; lastKnownFileType = sourcecode.c.objc; path = GetFollowersFunction.m; sourceTree = "<group>"; };
		C30632B71C0F617F00B79DBB /* GetLikesFunction.h */ = {isa = PBXFileReference; fileEncoding = 4; lastKnownFileType = sourcecode.c.h; path = GetLikesFunction.h; sourceTree = "<group>"; };
		C30632B81C0F617F00B79DBB /* GetLikesFunction.m */ = {isa = PBXFileReference; fileEncoding = 4; lastKnownFileType = sourcecode.c.objc; path = GetLikesFunction.m; sourceTree = "<group>"; };
		C30632B91C0F617F00B79DBB /* LikeStatusFunction.h */ = {isa = PBXFileReference; fileEncoding = 4; lastKnownFileType = sourcecode.c.h; path = LikeStatusFunction.h; sourceTree = "<group>"; };
		C30632BA1C0F617F00B79DBB /* LikeStatusFunction.m */ = {isa = PBXFileReference; fileEncoding = 4; lastKnownFileType = sourcecode.c.objc; path = LikeStatusFunction.m; sourceTree = "<group>"; };
		C30632BB1C0F617F00B79DBB /* UndoLikeStatusFunction.h */ = {isa = PBXFileReference; fileEncoding = 4; lastKnownFileType = sourcecode.c.h; path = UndoLikeStatusFunction.h; sourceTree = "<group>"; };
		C30632BC1C0F617F00B79DBB /* UndoLikeStatusFunction.m */ = {isa = PBXFileReference; fileEncoding = 4; lastKnownFileType = sourcecode.c.objc; path = UndoLikeStatusFunction.m; sourceTree = "<group>"; };
		C31AD2BB1B8E258D0042555C /* UpdateStatusFunction.h */ = {isa = PBXFileReference; fileEncoding = 4; lastKnownFileType = sourcecode.c.h; path = UpdateStatusFunction.h; sourceTree = "<group>"; };
		C31AD2BC1B8E258D0042555C /* UpdateStatusFunction.m */ = {isa = PBXFileReference; fileEncoding = 4; lastKnownFileType = sourcecode.c.objc; path = UpdateStatusFunction.m; sourceTree = "<group>"; };
		C32F09151B7BEDA900BF4E4E /* ApplicationOpenURLFunction.h */ = {isa = PBXFileReference; fileEncoding = 4; lastKnownFileType = sourcecode.c.h; path = ApplicationOpenURLFunction.h; sourceTree = "<group>"; };
		C32F09161B7BEDA900BF4E4E /* ApplicationOpenURLFunction.m */ = {isa = PBXFileReference; fileEncoding = 4; lastKnownFileType = sourcecode.c.objc; path = ApplicationOpenURLFunction.m; sourceTree = "<group>"; };
		C34BA0A31C40534000509568 /* AIRExtHelpers.framework */ = {isa = PBXFileReference; lastKnownFileType = wrapper.framework; path = AIRExtHelpers.framework; sourceTree = "<group>"; };
		C35331DE1B7BCE8A003A7521 /* libAIRTwitter.a */ = {isa = PBXFileReference; explicitFileType = archive.ar; includeInIndex = 0; path = libAIRTwitter.a; sourceTree = BUILT_PRODUCTS_DIR; };
		C35331E11B7BCE8A003A7521 /* AIRTwitter.h */ = {isa = PBXFileReference; lastKnownFileType = sourcecode.c.h; path = AIRTwitter.h; sourceTree = "<group>"; };
		C35331E31B7BCE8A003A7521 /* AIRTwitter.m */ = {isa = PBXFileReference; lastKnownFileType = sourcecode.c.objc; path = AIRTwitter.m; sourceTree = "<group>"; };
		C353322A1B7BCF18003A7521 /* InitFunction.h */ = {isa = PBXFileReference; fileEncoding = 4; lastKnownFileType = sourcecode.c.h; path = InitFunction.h; sourceTree = "<group>"; };
		C353322B1B7BCF18003A7521 /* InitFunction.m */ = {isa = PBXFileReference; fileEncoding = 4; lastKnownFileType = sourcecode.c.objc; path = InitFunction.m; sourceTree = "<group>"; };
		C353322F1B7BCF4D003A7521 /* Accounts.framework */ = {isa = PBXFileReference; lastKnownFileType = wrapper.framework; name = Accounts.framework; path = System/Library/Frameworks/Accounts.framework; sourceTree = SDKROOT; };
		C35332311B7BCF52003A7521 /* Social.framework */ = {isa = PBXFileReference; lastKnownFileType = wrapper.framework; name = Social.framework; path = System/Library/Frameworks/Social.framework; sourceTree = SDKROOT; };
		C35332331B7BCF59003A7521 /* Twitter.framework */ = {isa = PBXFileReference; lastKnownFileType = wrapper.framework; name = Twitter.framework; path = System/Library/Frameworks/Twitter.framework; sourceTree = SDKROOT; };
		C35332351B7BCFA0003A7521 /* LoginFunction.h */ = {isa = PBXFileReference; fileEncoding = 4; lastKnownFileType = sourcecode.c.h; path = LoginFunction.h; sourceTree = "<group>"; };
		C35332361B7BCFA0003A7521 /* LoginFunction.m */ = {isa = PBXFileReference; fileEncoding = 4; lastKnownFileType = sourcecode.c.objc; path = LoginFunction.m; sourceTree = "<group>"; };
		C36F054B1B7D1D01006B37F5 /* AIRTwitterEvent.h */ = {isa = PBXFileReference; fileEncoding = 4; lastKnownFileType = sourcecode.c.h; name = AIRTwitterEvent.h; path = Data/AIRTwitterEvent.h; sourceTree = "<group>"; };
		C370A2FF1C09D924005B7546 /* GetUserFunction.h */ = {isa = PBXFileReference; fileEncoding = 4; lastKnownFileType = sourcecode.c.h; path = GetUserFunction.h; sourceTree = "<group>"; };
		C370A3001C09D924005B7546 /* GetUserFunction.m */ = {isa = PBXFileReference; fileEncoding = 4; lastKnownFileType = sourcecode.c.objc; path = GetUserFunction.m; sourceTree = "<group>"; };
		C38654881BB0A7B3000CA4F6 /* IsSystemAccountAvailableFunction.h */ = {isa = PBXFileReference; fileEncoding = 4; lastKnownFileType = sourcecode.c.h; path = IsSystemAccountAvailableFunction.h; sourceTree = "<group>"; };
		C38654891BB0A7B3000CA4F6 /* IsSystemAccountAvailableFunction.m */ = {isa = PBXFileReference; fileEncoding = 4; lastKnownFileType = sourcecode.c.objc; path = IsSystemAccountAvailableFunction.m; sourceTree = "<group>"; };
		C386548F1BB16AB8000CA4F6 /* DeleteStatusFunction.h */ = {isa = PBXFileReference; fileEncoding = 4; lastKnownFileType = sourcecode.c.h; path = DeleteStatusFunction.h; sourceTree = "<group>"; };
		C38654901BB16AB8000CA4F6 /* DeleteStatusFunction.m */ = {isa = PBXFileReference; fileEncoding = 4; lastKnownFileType = sourcecode.c.objc; path = DeleteStatusFunction.m; sourceTree = "<group>"; };
		C38654921BB1759E000CA4F6 /* SendDirectMessageFunction.h */ = {isa = PBXFileReference; fileEncoding = 4; lastKnownFileType = sourcecode.c.h; path = SendDirectMessageFunction.h; sourceTree = "<group>"; };
		C38654931BB1759E000CA4F6 /* SendDirectMessageFunction.m */ = {isa = PBXFileReference; fileEncoding = 4; lastKnownFileType = sourcecode.c.objc; path = SendDirectMessageFunction.m; sourceTree = "<group>"; };
		C38654951BB17647000CA4F6 /* DirectMessageUtils.h */ = {isa = PBXFileReference; fileEncoding = 4; lastKnownFileType = sourcecode.c.h; path = DirectMessageUtils.h; sourceTree = "<group>"; };
		C38654961BB17647000CA4F6 /* DirectMessageUtils.m */ = {isa = PBXFileReference; fileEncoding = 4; lastKnownFileType = sourcecode.c.objc; path = DirectMessageUtils.m; sourceTree = "<group>"; };
		C38654981BB1A684000CA4F6 /* GetDirectMessagesFunction.h */ = {isa = PBXFileReference; fileEncoding = 4; lastKnownFileType = sourcecode.c.h; path = GetDirectMessagesFunction.h; sourceTree = "<group>"; };
		C38654991BB1A684000CA4F6 /* GetDirectMessagesFunction.m */ = {isa = PBXFileReference; fileEncoding = 4; lastKnownFileType = sourcecode.c.objc; path = GetDirectMessagesFunction.m; sourceTree = "<group>"; };
		C386549B1BB1A942000CA4F6 /* GetSentDirectMessagesFunction.h */ = {isa = PBXFileReference; fileEncoding = 4; lastKnownFileType = sourcecode.c.h; path = GetSentDirectMessagesFunction.h; sourceTree = "<group>"; };
		C386549C1BB1A942000CA4F6 /* GetSentDirectMessagesFunction.m */ = {isa = PBXFileReference; fileEncoding = 4; lastKnownFileType = sourcecode.c.objc; path = GetSentDirectMessagesFunction.m; sourceTree = "<group>"; };
		C3CE90C01DF0BB1D001C73A5 /* LICENCE.txt */ = {isa = PBXFileReference; fileEncoding = 4; lastKnownFileType = text; path = LICENCE.txt; sourceTree = "<group>"; };
		C3CE90C11DF0BB1D001C73A5 /* NSDateFormatter+STTwitter.h */ = {isa = PBXFileReference; fileEncoding = 4; lastKnownFileType = sourcecode.c.h; path = "NSDateFormatter+STTwitter.h"; sourceTree = "<group>"; };
		C3CE90C21DF0BB1D001C73A5 /* NSDateFormatter+STTwitter.m */ = {isa = PBXFileReference; fileEncoding = 4; lastKnownFileType = sourcecode.c.objc; path = "NSDateFormatter+STTwitter.m"; sourceTree = "<group>"; };
		C3CE90C31DF0BB1D001C73A5 /* NSError+STTwitter.h */ = {isa = PBXFileReference; fileEncoding = 4; lastKnownFileType = sourcecode.c.h; path = "NSError+STTwitter.h"; sourceTree = "<group>"; };
		C3CE90C41DF0BB1D001C73A5 /* NSError+STTwitter.m */ = {isa = PBXFileReference; fileEncoding = 4; lastKnownFileType = sourcecode.c.objc; path = "NSError+STTwitter.m"; sourceTree = "<group>"; };
		C3CE90C51DF0BB1D001C73A5 /* NSString+STTwitter.h */ = {isa = PBXFileReference; fileEncoding = 4; lastKnownFileType = sourcecode.c.h; path = "NSString+STTwitter.h"; sourceTree = "<group>"; };
		C3CE90C61DF0BB1D001C73A5 /* NSString+STTwitter.m */ = {isa = PBXFileReference; fileEncoding = 4; lastKnownFileType = sourcecode.c.objc; path = "NSString+STTwitter.m"; sourceTree = "<group>"; };
		C3CE90C71DF0BB1D001C73A5 /* STHTTPRequest+STTwitter.h */ = {isa = PBXFileReference; fileEncoding = 4; lastKnownFileType = sourcecode.c.h; path = "STHTTPRequest+STTwitter.h"; sourceTree = "<group>"; };
		C3CE90C81DF0BB1D001C73A5 /* STHTTPRequest+STTwitter.m */ = {isa = PBXFileReference; fileEncoding = 4; lastKnownFileType = sourcecode.c.objc; path = "STHTTPRequest+STTwitter.m"; sourceTree = "<group>"; };
		C3CE90C91DF0BB1D001C73A5 /* STTwitter.h */ = {isa = PBXFileReference; fileEncoding = 4; lastKnownFileType = sourcecode.c.h; path = STTwitter.h; sourceTree = "<group>"; };
		C3CE90CA1DF0BB1D001C73A5 /* STTwitterAPI.h */ = {isa = PBXFileReference; fileEncoding = 4; lastKnownFileType = sourcecode.c.h; path = STTwitterAPI.h; sourceTree = "<group>"; };
		C3CE90CB1DF0BB1D001C73A5 /* STTwitterAPI.m */ = {isa = PBXFileReference; fileEncoding = 4; lastKnownFileType = sourcecode.c.objc; path = STTwitterAPI.m; sourceTree = "<group>"; };
		C3CE90CC1DF0BB1D001C73A5 /* STTwitterAppOnly.h */ = {isa = PBXFileReference; fileEncoding = 4; lastKnownFileType = sourcecode.c.h; path = STTwitterAppOnly.h; sourceTree = "<group>"; };
		C3CE90CD1DF0BB1D001C73A5 /* STTwitterAppOnly.m */ = {isa = PBXFileReference; fileEncoding = 4; lastKnownFileType = sourcecode.c.objc; path = STTwitterAppOnly.m; sourceTree = "<group>"; };
		C3CE90CE1DF0BB1D001C73A5 /* STTwitterHTML.h */ = {isa = PBXFileReference; fileEncoding = 4; lastKnownFileType = sourcecode.c.h; path = STTwitterHTML.h; sourceTree = "<group>"; };
		C3CE90CF1DF0BB1D001C73A5 /* STTwitterHTML.m */ = {isa = PBXFileReference; fileEncoding = 4; lastKnownFileType = sourcecode.c.objc; path = STTwitterHTML.m; sourceTree = "<group>"; };
		C3CE90D01DF0BB1D001C73A5 /* STTwitterOAuth.h */ = {isa = PBXFileReference; fileEncoding = 4; lastKnownFileType = sourcecode.c.h; path = STTwitterOAuth.h; sourceTree = "<group>"; };
		C3CE90D11DF0BB1D001C73A5 /* STTwitterOAuth.m */ = {isa = PBXFileReference; fileEncoding = 4; lastKnownFileType = sourcecode.c.objc; path = STTwitterOAuth.m; sourceTree = "<group>"; };
		C3CE90D21DF0BB1D001C73A5 /* STTwitterOS.h */ = {isa = PBXFileReference; fileEncoding = 4; lastKnownFileType = sourcecode.c.h; path = STTwitterOS.h; sourceTree = "<group>"; };
		C3CE90D31DF0BB1D001C73A5 /* STTwitterOS.m */ = {isa = PBXFileReference; fileEncoding = 4; lastKnownFileType = sourcecode.c.objc; path = STTwitterOS.m; sourceTree = "<group>"; };
		C3CE90D41DF0BB1D001C73A5 /* STTwitterOSRequest.h */ = {isa = PBXFileReference; fileEncoding = 4; lastKnownFileType = sourcecode.c.h; path = STTwitterOSRequest.h; sourceTree = "<group>"; };
		C3CE90D51DF0BB1D001C73A5 /* STTwitterOSRequest.m */ = {isa = PBXFileReference; fileEncoding = 4; lastKnownFileType = sourcecode.c.objc; path = STTwitterOSRequest.m; sourceTree = "<group>"; };
		C3CE90D61DF0BB1D001C73A5 /* STTwitterProtocol.h */ = {isa = PBXFileReference; fileEncoding = 4; lastKnownFileType = sourcecode.c.h; path = STTwitterProtocol.h; sourceTree = "<group>"; };
		C3CE90D71DF0BB1D001C73A5 /* STTwitterRequestProtocol.h */ = {isa = PBXFileReference; fileEncoding = 4; lastKnownFileType = sourcecode.c.h; path = STTwitterRequestProtocol.h; sourceTree = "<group>"; };
		C3CE90D81DF0BB1D001C73A5 /* STTwitterStreamParser.h */ = {isa = PBXFileReference; fileEncoding = 4; lastKnownFileType = sourcecode.c.h; path = STTwitterStreamParser.h; sourceTree = "<group>"; };
		C3CE90D91DF0BB1D001C73A5 /* STTwitterStreamParser.m */ = {isa = PBXFileReference; fileEncoding = 4; lastKnownFileType = sourcecode.c.objc; path = STTwitterStreamParser.m; sourceTree = "<group>"; };
		C3CE90DB1DF0BB1D001C73A5 /* BAVPlistNode.h */ = {isa = PBXFileReference; fileEncoding = 4; lastKnownFileType = sourcecode.c.h; path = BAVPlistNode.h; sourceTree = "<group>"; };
		C3CE90DC1DF0BB1D001C73A5 /* BAVPlistNode.m */ = {isa = PBXFileReference; fileEncoding = 4; lastKnownFileType = sourcecode.c.objc; path = BAVPlistNode.m; sourceTree = "<group>"; };
		C3CE90DD1DF0BB1D001C73A5 /* JSONSyntaxHighlight.h */ = {isa = PBXFileReference; fileEncoding = 4; lastKnownFileType = sourcecode.c.h; path = JSONSyntaxHighlight.h; sourceTree = "<group>"; };
		C3CE90DE1DF0BB1D001C73A5 /* JSONSyntaxHighlight.m */ = {isa = PBXFileReference; fileEncoding = 4; lastKnownFileType = sourcecode.c.objc; path = JSONSyntaxHighlight.m; sourceTree = "<group>"; };
		C3CE90DF1DF0BB1D001C73A5 /* STHTTPRequest.h */ = {isa = PBXFileReference; fileEncoding = 4; lastKnownFileType = sourcecode.c.h; path = STHTTPRequest.h; sourceTree = "<group>"; };
		C3CE90E01DF0BB1D001C73A5 /* STHTTPRequest.m */ = {isa = PBXFileReference; fileEncoding = 4; lastKnownFileType = sourcecode.c.objc; path = STHTTPRequest.m; sourceTree = "<group>"; };
		C3CFD37C1C0F142C0050ADE3 /* GetAccessTokenFunction.h */ = {isa = PBXFileReference; fileEncoding = 4; lastKnownFileType = sourcecode.c.h; path = GetAccessTokenFunction.h; sourceTree = "<group>"; };
		C3CFD37D1C0F142C0050ADE3 /* GetAccessTokenFunction.m */ = {isa = PBXFileReference; fileEncoding = 4; lastKnownFileType = sourcecode.c.objc; path = GetAccessTokenFunction.m; sourceTree = "<group>"; };
		C3CFD37F1C0F57770050ADE3 /* GetAccessTokenSecretFunction.h */ = {isa = PBXFileReference; fileEncoding = 4; lastKnownFileType = sourcecode.c.h; path = GetAccessTokenSecretFunction.h; sourceTree = "<group>"; };
		C3CFD3801C0F57770050ADE3 /* GetAccessTokenSecretFunction.m */ = {isa = PBXFileReference; fileEncoding = 4; lastKnownFileType = sourcecode.c.objc; path = GetAccessTokenSecretFunction.m; sourceTree = "<group>"; };
/* End PBXFileReference section */

/* Begin PBXFrameworksBuildPhase section */
		C35331DB1B7BCE8A003A7521 /* Frameworks */ = {
			isa = PBXFrameworksBuildPhase;
			buildActionMask = 2147483647;
			files = (
				C35332341B7BCF59003A7521 /* Twitter.framework in Frameworks */,
				C35332321B7BCF52003A7521 /* Social.framework in Frameworks */,
				C35332301B7BCF4D003A7521 /* Accounts.framework in Frameworks */,
			);
			runOnlyForDeploymentPostprocessing = 0;
		};
/* End PBXFrameworksBuildPhase section */

/* Begin PBXGroup section */
		320842E5BF9F83E06A4E7F9C /* Utils */ = {
			isa = PBXGroup;
			children = (
				3208445BBEEEFE301C581CC9 /* StatusUtils.m */,
				320848F99648FC51C8DE3FD4 /* StatusUtils.h */,
				320848D39A2E0BCDDB8F2A8A /* MediaSourceProcessor.m */,
				32084C07A5E61AEE174B9DF0 /* MediaSourceProcessor.h */,
				32084E52B8AB17233CB58058 /* UserUtils.m */,
				32084C486750053101F1EA27 /* UserUtils.h */,
				3208431AD4464840D7B3B9CA /* AccountSelectionHelper.m */,
				320846616B69AA77EF9746CD /* AccountSelectionHelper.h */,
				C38654951BB17647000CA4F6 /* DirectMessageUtils.h */,
				C38654961BB17647000CA4F6 /* DirectMessageUtils.m */,
			);
			path = Utils;
			sourceTree = "<group>";
		};
		C32A36361C3F3F1400590E31 /* Frameworks */ = {
			isa = PBXGroup;
			children = (
				C34BA0A31C40534000509568 /* AIRExtHelpers.framework */,
			);
			path = Frameworks;
			sourceTree = SOURCE_ROOT;
		};
		C35331D51B7BCE8A003A7521 = {
			isa = PBXGroup;
			children = (
				C35332331B7BCF59003A7521 /* Twitter.framework */,
				C35332311B7BCF52003A7521 /* Social.framework */,
				C353322F1B7BCF4D003A7521 /* Accounts.framework */,
				C35331E01B7BCE8A003A7521 /* AIRTwitter */,
				C35331DF1B7BCE8A003A7521 /* Products */,
			);
			sourceTree = "<group>";
		};
		C35331DF1B7BCE8A003A7521 /* Products */ = {
			isa = PBXGroup;
			children = (
				C35331DE1B7BCE8A003A7521 /* libAIRTwitter.a */,
			);
			name = Products;
			sourceTree = "<group>";
		};
		C35331E01B7BCE8A003A7521 /* AIRTwitter */ = {
			isa = PBXGroup;
			children = (
				C3CE90BF1DF0BB1D001C73A5 /* STTwitter */,
				C32A36361C3F3F1400590E31 /* Frameworks */,
				C36F054A1B7D1CF8006B37F5 /* Data */,
				C35332291B7BCF18003A7521 /* Functions */,
				C35331E11B7BCE8A003A7521 /* AIRTwitter.h */,
				C35331E31B7BCE8A003A7521 /* AIRTwitter.m */,
				320842E5BF9F83E06A4E7F9C /* Utils */,
			);
			path = AIRTwitter;
			sourceTree = "<group>";
		};
		C35332291B7BCF18003A7521 /* Functions */ = {
			isa = PBXGroup;
			children = (
				C30632B71C0F617F00B79DBB /* GetLikesFunction.h */,
				C30632B81C0F617F00B79DBB /* GetLikesFunction.m */,
				C30632B91C0F617F00B79DBB /* LikeStatusFunction.h */,
				C30632BA1C0F617F00B79DBB /* LikeStatusFunction.m */,
				C30632BB1C0F617F00B79DBB /* UndoLikeStatusFunction.h */,
				C30632BC1C0F617F00B79DBB /* UndoLikeStatusFunction.m */,
				C31AD2BB1B8E258D0042555C /* UpdateStatusFunction.h */,
				C31AD2BC1B8E258D0042555C /* UpdateStatusFunction.m */,
				C32F09151B7BEDA900BF4E4E /* ApplicationOpenURLFunction.h */,
				C32F09161B7BEDA900BF4E4E /* ApplicationOpenURLFunction.m */,
				C353322A1B7BCF18003A7521 /* InitFunction.h */,
				C353322B1B7BCF18003A7521 /* InitFunction.m */,
				C35332351B7BCFA0003A7521 /* LoginFunction.h */,
				C35332361B7BCFA0003A7521 /* LoginFunction.m */,
				3208443DDA97599BA3040654 /* LogoutFunction.h */,
				32084023811B564066379C56 /* LogoutFunction.m */,
				320846EB392348F3131BC04C /* GetLoggedInUserFunction.h */,
				320844A74E141432F6E16FE4 /* GetLoggedInUserFunction.m */,
				3208443DED1BB3CD6A7A8241 /* GetFollowersFunction.h */,
				32084FE16910811E2A7F3196 /* GetFollowersFunction.m */,
				320849D92223DDEECD1D16BA /* GetHomeTimelineFunction.h */,
				32084C91E12E81F5F086F646 /* GetHomeTimelineFunction.m */,
				320845135A8AAE1ACF675D91 /* GetUserTimelineFunction.h */,
				320840EAED7ED84523AA50BA /* GetUserTimelineFunction.m */,
				320849299B391083A05951B1 /* GetFriendsFunction.h */,
				32084285331D63AE4CED53AD /* GetFriendsFunction.m */,
				32084C8DB768C6E0144683D7 /* FollowUserFunction.h */,
				32084BEFA8F3B8E9CC914D50 /* FollowUserFunction.m */,
				32084996F6822AD335452FFB /* UnfollowUserFunction.h */,
				32084DBA94507493E71C6417 /* UnfollowUserFunction.m */,
				32084BB4D99D459AC8EB9B46 /* RetweetStatusFunction.h */,
				3208481F1E3C74BFC8E5641D /* RetweetStatusFunction.m */,
				320844593AA41D34808E9CEA /* LoginWithAccount.h */,
				32084C34ABA8ABB484C9E957 /* LoginWithAccount.m */,
				C38654881BB0A7B3000CA4F6 /* IsSystemAccountAvailableFunction.h */,
				C38654891BB0A7B3000CA4F6 /* IsSystemAccountAvailableFunction.m */,
				C386548F1BB16AB8000CA4F6 /* DeleteStatusFunction.h */,
				C38654901BB16AB8000CA4F6 /* DeleteStatusFunction.m */,
				C38654921BB1759E000CA4F6 /* SendDirectMessageFunction.h */,
				C38654931BB1759E000CA4F6 /* SendDirectMessageFunction.m */,
				C38654981BB1A684000CA4F6 /* GetDirectMessagesFunction.h */,
				C38654991BB1A684000CA4F6 /* GetDirectMessagesFunction.m */,
				C386549B1BB1A942000CA4F6 /* GetSentDirectMessagesFunction.h */,
				C386549C1BB1A942000CA4F6 /* GetSentDirectMessagesFunction.m */,
				C370A2FF1C09D924005B7546 /* GetUserFunction.h */,
				C370A3001C09D924005B7546 /* GetUserFunction.m */,
				C3CFD37C1C0F142C0050ADE3 /* GetAccessTokenFunction.h */,
				C3CFD37D1C0F142C0050ADE3 /* GetAccessTokenFunction.m */,
				C3CFD37F1C0F57770050ADE3 /* GetAccessTokenSecretFunction.h */,
				C3CFD3801C0F57770050ADE3 /* GetAccessTokenSecretFunction.m */,
			);
			path = Functions;
			sourceTree = "<group>";
		};
		C36F054A1B7D1CF8006B37F5 /* Data */ = {
			isa = PBXGroup;
			children = (
				C36F054B1B7D1D01006B37F5 /* AIRTwitterEvent.h */,
				3208400EC6D8C5E446AEFA9B /* AIRTwitterUser.m */,
				32084CB994C6148869533F4C /* AIRTwitterUser.h */,
			);
			name = Data;
			sourceTree = "<group>";
		};
		C3CE90BF1DF0BB1D001C73A5 /* STTwitter */ = {
			isa = PBXGroup;
			children = (
				C3CE90C01DF0BB1D001C73A5 /* LICENCE.txt */,
				C3CE90C11DF0BB1D001C73A5 /* NSDateFormatter+STTwitter.h */,
				C3CE90C21DF0BB1D001C73A5 /* NSDateFormatter+STTwitter.m */,
				C3CE90C31DF0BB1D001C73A5 /* NSError+STTwitter.h */,
				C3CE90C41DF0BB1D001C73A5 /* NSError+STTwitter.m */,
				C3CE90C51DF0BB1D001C73A5 /* NSString+STTwitter.h */,
				C3CE90C61DF0BB1D001C73A5 /* NSString+STTwitter.m */,
				C3CE90C71DF0BB1D001C73A5 /* STHTTPRequest+STTwitter.h */,
				C3CE90C81DF0BB1D001C73A5 /* STHTTPRequest+STTwitter.m */,
				C3CE90C91DF0BB1D001C73A5 /* STTwitter.h */,
				C3CE90CA1DF0BB1D001C73A5 /* STTwitterAPI.h */,
				C3CE90CB1DF0BB1D001C73A5 /* STTwitterAPI.m */,
				C3CE90CC1DF0BB1D001C73A5 /* STTwitterAppOnly.h */,
				C3CE90CD1DF0BB1D001C73A5 /* STTwitterAppOnly.m */,
				C3CE90CE1DF0BB1D001C73A5 /* STTwitterHTML.h */,
				C3CE90CF1DF0BB1D001C73A5 /* STTwitterHTML.m */,
				C3CE90D01DF0BB1D001C73A5 /* STTwitterOAuth.h */,
				C3CE90D11DF0BB1D001C73A5 /* STTwitterOAuth.m */,
				C3CE90D21DF0BB1D001C73A5 /* STTwitterOS.h */,
				C3CE90D31DF0BB1D001C73A5 /* STTwitterOS.m */,
				C3CE90D41DF0BB1D001C73A5 /* STTwitterOSRequest.h */,
				C3CE90D51DF0BB1D001C73A5 /* STTwitterOSRequest.m */,
				C3CE90D61DF0BB1D001C73A5 /* STTwitterProtocol.h */,
				C3CE90D71DF0BB1D001C73A5 /* STTwitterRequestProtocol.h */,
				C3CE90D81DF0BB1D001C73A5 /* STTwitterStreamParser.h */,
				C3CE90D91DF0BB1D001C73A5 /* STTwitterStreamParser.m */,
				C3CE90DA1DF0BB1D001C73A5 /* Vendor */,
			);
			path = STTwitter;
			sourceTree = "<group>";
		};
		C3CE90DA1DF0BB1D001C73A5 /* Vendor */ = {
			isa = PBXGroup;
			children = (
				C3CE90DB1DF0BB1D001C73A5 /* BAVPlistNode.h */,
				C3CE90DC1DF0BB1D001C73A5 /* BAVPlistNode.m */,
				C3CE90DD1DF0BB1D001C73A5 /* JSONSyntaxHighlight.h */,
				C3CE90DE1DF0BB1D001C73A5 /* JSONSyntaxHighlight.m */,
				C3CE90DF1DF0BB1D001C73A5 /* STHTTPRequest.h */,
				C3CE90E01DF0BB1D001C73A5 /* STHTTPRequest.m */,
			);
			path = Vendor;
			sourceTree = "<group>";
		};
/* End PBXGroup section */

/* Begin PBXNativeTarget section */
		C35331DD1B7BCE8A003A7521 /* AIRTwitter */ = {
			isa = PBXNativeTarget;
			buildConfigurationList = C35331F21B7BCE8A003A7521 /* Build configuration list for PBXNativeTarget "AIRTwitter" */;
			buildPhases = (
				C35331DA1B7BCE8A003A7521 /* Sources */,
				C35331DB1B7BCE8A003A7521 /* Frameworks */,
				C35331DC1B7BCE8A003A7521 /* CopyFiles */,
			);
			buildRules = (
			);
			dependencies = (
			);
			name = AIRTwitter;
			productName = AIRTwitter;
			productReference = C35331DE1B7BCE8A003A7521 /* libAIRTwitter.a */;
			productType = "com.apple.product-type.library.static";
		};
/* End PBXNativeTarget section */

/* Begin PBXProject section */
		C35331D61B7BCE8A003A7521 /* Project object */ = {
			isa = PBXProject;
			attributes = {
				LastUpgradeCheck = 0640;
				ORGANIZATIONNAME = marpies;
				TargetAttributes = {
					C35331DD1B7BCE8A003A7521 = {
						CreatedOnToolsVersion = 6.4;
					};
				};
			};
			buildConfigurationList = C35331D91B7BCE8A003A7521 /* Build configuration list for PBXProject "AIRTwitter" */;
			compatibilityVersion = "Xcode 3.2";
			developmentRegion = English;
			hasScannedForEncodings = 0;
			knownRegions = (
				en,
			);
			mainGroup = C35331D51B7BCE8A003A7521;
			productRefGroup = C35331DF1B7BCE8A003A7521 /* Products */;
			projectDirPath = "";
			projectRoot = "";
			targets = (
				C35331DD1B7BCE8A003A7521 /* AIRTwitter */,
			);
		};
/* End PBXProject section */

/* Begin PBXSourcesBuildPhase section */
		C35331DA1B7BCE8A003A7521 /* Sources */ = {
			isa = PBXSourcesBuildPhase;
			buildActionMask = 2147483647;
			files = (
				C3CE90EB1DF0BB1D001C73A5 /* STTwitterStreamParser.m in Sources */,
				C30632BF1C0F617F00B79DBB /* UndoLikeStatusFunction.m in Sources */,
				C353322D1B7BCF18003A7521 /* InitFunction.m in Sources */,
				C38654911BB16AB8000CA4F6 /* DeleteStatusFunction.m in Sources */,
				C31AD2BD1B8E258D0042555C /* UpdateStatusFunction.m in Sources */,
				C370A3011C09D924005B7546 /* GetUserFunction.m in Sources */,
				C3CE90E41DF0BB1D001C73A5 /* STHTTPRequest+STTwitter.m in Sources */,
				C35331E41B7BCE8A003A7521 /* AIRTwitter.m in Sources */,
				C3CE90EC1DF0BB1D001C73A5 /* BAVPlistNode.m in Sources */,
				C35332371B7BCFA0003A7521 /* LoginFunction.m in Sources */,
				C32F09171B7BEDA900BF4E4E /* ApplicationOpenURLFunction.m in Sources */,
				C3CE90E71DF0BB1D001C73A5 /* STTwitterHTML.m in Sources */,
				C3CE90E11DF0BB1D001C73A5 /* NSDateFormatter+STTwitter.m in Sources */,
				C386548A1BB0A7B3000CA4F6 /* IsSystemAccountAvailableFunction.m in Sources */,
				C38654971BB17647000CA4F6 /* DirectMessageUtils.m in Sources */,
				C3CE90E61DF0BB1D001C73A5 /* STTwitterAppOnly.m in Sources */,
				C3CE90E81DF0BB1D001C73A5 /* STTwitterOAuth.m in Sources */,
				C38654941BB1759E000CA4F6 /* SendDirectMessageFunction.m in Sources */,
				C3CE90E51DF0BB1D001C73A5 /* STTwitterAPI.m in Sources */,
				C386549A1BB1A684000CA4F6 /* GetDirectMessagesFunction.m in Sources */,
				C386549D1BB1A942000CA4F6 /* GetSentDirectMessagesFunction.m in Sources */,
				C3CFD37E1C0F142C0050ADE3 /* GetAccessTokenFunction.m in Sources */,
				32084B8C8D156226A305DBA1 /* StatusUtils.m in Sources */,
				C30632BD1C0F617F00B79DBB /* GetLikesFunction.m in Sources */,
				320848891D1DC65F89F889D4 /* MediaSourceProcessor.m in Sources */,
				32084DD1AAB456DA52ACD847 /* LogoutFunction.m in Sources */,
				C3CE90EE1DF0BB1D001C73A5 /* STHTTPRequest.m in Sources */,
				32084368787D716E2639247F /* GetLoggedInUserFunction.m in Sources */,
				32084FA4994E3FE3C195A595 /* AIRTwitterUser.m in Sources */,
				C3CE90E31DF0BB1D001C73A5 /* NSString+STTwitter.m in Sources */,
				320846E4056A9D3093A61CDC /* GetFollowersFunction.m in Sources */,
				3208415DEB7465DF12F2A9EE /* UserUtils.m in Sources */,
				C30632BE1C0F617F00B79DBB /* LikeStatusFunction.m in Sources */,
				C3CE90E21DF0BB1D001C73A5 /* NSError+STTwitter.m in Sources */,
				32084D480A62443BFBAF59B0 /* GetHomeTimelineFunction.m in Sources */,
				32084A979A3C1FF4D3472AE2 /* GetUserTimelineFunction.m in Sources */,
				C3CFD3811C0F57770050ADE3 /* GetAccessTokenSecretFunction.m in Sources */,
				C3CE90EA1DF0BB1D001C73A5 /* STTwitterOSRequest.m in Sources */,
				3208418C92E5314AF47B0981 /* GetFriendsFunction.m in Sources */,
				32084E385E9628C816F3B679 /* FollowUserFunction.m in Sources */,
				320844BF5BE582023B3513BA /* UnfollowUserFunction.m in Sources */,
				320846E2628790EA7A45B974 /* RetweetStatusFunction.m in Sources */,
				C3CE90ED1DF0BB1D001C73A5 /* JSONSyntaxHighlight.m in Sources */,
				C3CE90E91DF0BB1D001C73A5 /* STTwitterOS.m in Sources */,
				32084516213F52B83F151D06 /* LoginWithAccount.m in Sources */,
				32084FEC6DF5E508362367F2 /* AccountSelectionHelper.m in Sources */,
			);
			runOnlyForDeploymentPostprocessing = 0;
		};
/* End PBXSourcesBuildPhase section */

/* Begin XCBuildConfiguration section */
		C35331F01B7BCE8A003A7521 /* Debug */ = {
			isa = XCBuildConfiguration;
			buildSettings = {
				ALWAYS_SEARCH_USER_PATHS = NO;
				CLANG_CXX_LANGUAGE_STANDARD = "gnu++0x";
				CLANG_CXX_LIBRARY = "libc++";
				CLANG_ENABLE_MODULES = YES;
				CLANG_ENABLE_OBJC_ARC = YES;
				CLANG_WARN_BOOL_CONVERSION = YES;
				CLANG_WARN_CONSTANT_CONVERSION = YES;
				CLANG_WARN_DIRECT_OBJC_ISA_USAGE = YES_ERROR;
				CLANG_WARN_EMPTY_BODY = YES;
				CLANG_WARN_ENUM_CONVERSION = YES;
				CLANG_WARN_INT_CONVERSION = YES;
				CLANG_WARN_OBJC_ROOT_CLASS = YES_ERROR;
				CLANG_WARN_UNREACHABLE_CODE = YES;
				CLANG_WARN__DUPLICATE_METHOD_MATCH = YES;
				COPY_PHASE_STRIP = NO;
				DEBUG_INFORMATION_FORMAT = "dwarf-with-dsym";
				ENABLE_BITCODE = NO;
				ENABLE_STRICT_OBJC_MSGSEND = YES;
				GCC_C_LANGUAGE_STANDARD = gnu99;
				GCC_DYNAMIC_NO_PIC = NO;
				GCC_NO_COMMON_BLOCKS = YES;
				GCC_OPTIMIZATION_LEVEL = 0;
				GCC_PREPROCESSOR_DEFINITIONS = (
					"DEBUG=1",
					"$(inherited)",
				);
				GCC_SYMBOLS_PRIVATE_EXTERN = NO;
				GCC_WARN_64_TO_32_BIT_CONVERSION = YES;
				GCC_WARN_ABOUT_RETURN_TYPE = YES_ERROR;
				GCC_WARN_UNDECLARED_SELECTOR = YES;
				GCC_WARN_UNINITIALIZED_AUTOS = YES_AGGRESSIVE;
				GCC_WARN_UNUSED_FUNCTION = YES;
				GCC_WARN_UNUSED_VARIABLE = YES;
				IPHONEOS_DEPLOYMENT_TARGET = 6.1;
				MTL_ENABLE_DEBUG_INFO = YES;
				ONLY_ACTIVE_ARCH = YES;
				SDKROOT = iphoneos;
			};
			name = Debug;
		};
		C35331F11B7BCE8A003A7521 /* Release */ = {
			isa = XCBuildConfiguration;
			buildSettings = {
				ALWAYS_SEARCH_USER_PATHS = NO;
				CLANG_CXX_LANGUAGE_STANDARD = "gnu++0x";
				CLANG_CXX_LIBRARY = "libc++";
				CLANG_ENABLE_MODULES = YES;
				CLANG_ENABLE_OBJC_ARC = YES;
				CLANG_WARN_BOOL_CONVERSION = YES;
				CLANG_WARN_CONSTANT_CONVERSION = YES;
				CLANG_WARN_DIRECT_OBJC_ISA_USAGE = YES_ERROR;
				CLANG_WARN_EMPTY_BODY = YES;
				CLANG_WARN_ENUM_CONVERSION = YES;
				CLANG_WARN_INT_CONVERSION = YES;
				CLANG_WARN_OBJC_ROOT_CLASS = YES_ERROR;
				CLANG_WARN_UNREACHABLE_CODE = YES;
				CLANG_WARN__DUPLICATE_METHOD_MATCH = YES;
				COPY_PHASE_STRIP = NO;
				DEBUG_INFORMATION_FORMAT = "dwarf-with-dsym";
				ENABLE_BITCODE = NO;
				ENABLE_NS_ASSERTIONS = NO;
				ENABLE_STRICT_OBJC_MSGSEND = YES;
				GCC_C_LANGUAGE_STANDARD = gnu99;
				GCC_NO_COMMON_BLOCKS = YES;
				GCC_WARN_64_TO_32_BIT_CONVERSION = YES;
				GCC_WARN_ABOUT_RETURN_TYPE = YES_ERROR;
				GCC_WARN_UNDECLARED_SELECTOR = YES;
				GCC_WARN_UNINITIALIZED_AUTOS = YES_AGGRESSIVE;
				GCC_WARN_UNUSED_FUNCTION = YES;
				GCC_WARN_UNUSED_VARIABLE = YES;
				IPHONEOS_DEPLOYMENT_TARGET = 6.1;
				MTL_ENABLE_DEBUG_INFO = NO;
				SDKROOT = iphoneos;
				VALIDATE_PRODUCT = YES;
			};
			name = Release;
		};
		C35331F31B7BCE8A003A7521 /* Debug */ = {
			isa = XCBuildConfiguration;
			buildSettings = {
				FRAMEWORK_SEARCH_PATHS = (
					"$(inherited)",
					"$(PROJECT_DIR)/Frameworks",
				);
				IPHONEOS_DEPLOYMENT_TARGET = 6.1;
				LIBRARY_SEARCH_PATHS = (
					"$(inherited)",
					"$(PROJECT_DIR)/AIRTwitter",
					"$(PROJECT_DIR)/Frameworks",
				);
				OTHER_LDFLAGS = "-ObjC";
				PRODUCT_NAME = "$(TARGET_NAME)";
				SKIP_INSTALL = YES;
			};
			name = Debug;
		};
		C35331F41B7BCE8A003A7521 /* Release */ = {
			isa = XCBuildConfiguration;
			buildSettings = {
				FRAMEWORK_SEARCH_PATHS = (
					"$(inherited)",
					"$(PROJECT_DIR)/Frameworks",
				);
				IPHONEOS_DEPLOYMENT_TARGET = 6.1;
				LIBRARY_SEARCH_PATHS = (
					"$(inherited)",
					"$(PROJECT_DIR)/AIRTwitter",
					"$(PROJECT_DIR)/Frameworks",
				);
				OTHER_LDFLAGS = "-ObjC";
				PRODUCT_NAME = "$(TARGET_NAME)";
				SKIP_INSTALL = YES;
			};
			name = Release;
		};
/* End XCBuildConfiguration section */

/* Begin XCConfigurationList section */
		C35331D91B7BCE8A003A7521 /* Build configuration list for PBXProject "AIRTwitter" */ = {
			isa = XCConfigurationList;
			buildConfigurations = (
				C35331F01B7BCE8A003A7521 /* Debug */,
				C35331F11B7BCE8A003A7521 /* Release */,
			);
			defaultConfigurationIsVisible = 0;
			defaultConfigurationName = Release;
		};
		C35331F21B7BCE8A003A7521 /* Build configuration list for PBXNativeTarget "AIRTwitter" */ = {
			isa = XCConfigurationList;
			buildConfigurations = (
				C35331F31B7BCE8A003A7521 /* Debug */,
				C35331F41B7BCE8A003A7521 /* Release */,
			);
			defaultConfigurationIsVisible = 0;
			defaultConfigurationName = Release;
		};
/* End XCConfigurationList section */
	};
	rootObject = C35331D61B7BCE8A003A7521 /* Project object */;
}
